
Microsoft Visual Studio Solution File, Format Version 12.00
# Visual Studio Version 17
VisualStudioVersion = 17.8.34309.116
MinimumVisualStudioVersion = 10.0.40219.1
Project("{FAE04EC0-301F-11D3-BF4B-00C04F79EFBC}") = "ConsoleApp", "ConsoleApp\ConsoleApp.csproj", "{E2D4C081-5C47-44B4-BE61-7C696A172770}"
EndProject
Global
	GlobalSection(SolutionConfigurationPlatforms) = preSolution
		Debug|Any CPU = Debug|Any CPU
		Release|Any CPU = Release|Any CPU
	EndGlobalSection
	GlobalSection(ProjectConfigurationPlatforms) = postSolution
		{E2D4C081-5C47-44B4-BE61-7C696A172770}.Debug|Any CPU.ActiveCfg = Debug|Any CPU
		{E2D4C081-5C47-44B4-BE61-7C696A172770}.Debug|Any CPU.Build.0 = Debug|Any CPU
		{E2D4C081-5C47-44B4-BE61-7C696A172770}.Release|Any CPU.ActiveCfg = Release|Any CPU
		{E2D4C081-5C47-44B4-BE61-7C696A172770}.Release|Any CPU.Build.0 = Release|Any CPU
	EndGlobalSection
	GlobalSection(SolutionProperties) = preSolution
		HideSolutionNode = FALSE
	EndGlobalSection
	GlobalSection(ExtensibilityGlobals) = postSolution
		SolutionGuid = {D4BBF9CE-7761-47A6-8AC2-F8158E0A2447}
	EndGlobalSection
EndGlobal
